
Microsoft Visual Studio Solution File, Format Version 12.00
# Visual Studio Version 17
VisualStudioVersion = 17.5.002.0
MinimumVisualStudioVersion = 10.0.40219.1
Project("{9A19103F-16F7-4668-BE54-9A1E7A4F7556}") = "stations-dropdown", "stations-dropdown.csproj", "{977429E7-8531-44EF-A249-751AD3D66FDE}"
EndProject
Global
	GlobalSection(SolutionConfigurationPlatforms) = preSolution
		Debug|Any CPU = Debug|Any CPU
		Release|Any CPU = Release|Any CPU
	EndGlobalSection
	GlobalSection(ProjectConfigurationPlatforms) = postSolution
		{977429E7-8531-44EF-A249-751AD3D66FDE}.Debug|Any CPU.ActiveCfg = Debug|Any CPU
		{977429E7-8531-44EF-A249-751AD3D66FDE}.Debug|Any CPU.Build.0 = Debug|Any CPU
		{977429E7-8531-44EF-A249-751AD3D66FDE}.Release|Any CPU.ActiveCfg = Release|Any CPU
		{977429E7-8531-44EF-A249-751AD3D66FDE}.Release|Any CPU.Build.0 = Release|Any CPU
	EndGlobalSection
	GlobalSection(SolutionProperties) = preSolution
		HideSolutionNode = FALSE
	EndGlobalSection
	GlobalSection(ExtensibilityGlobals) = postSolution
		SolutionGuid = {74D87DC1-0774-48BE-82D8-50139537DA08}
	EndGlobalSection
EndGlobal
